// !$*UTF8*$!
{
	archiveVersion = 1;
	classes = {
	};
	objectVersion = 110;
	objects = {

/* Begin PBXContainerItemProxy section */
		E4805B83305C00890037D341 /* PBXContainerItemProxy */ = {
			isa = PBXContainerItemProxy;
			containerPortal = E4805B6D305C00860037D341 /* Project object */;
			proxyType = 1;
			remoteGlobalIDString = E4805B74305C00860037D341;
			remoteInfo = NONO;
		};
		E4805B8D305C00890037D341 /* PBXContainerItemProxy */ = {
			isa = PBXContainerItemProxy;
			containerPortal = E4805B6D305C00860037D341 /* Project object */;
			proxyType = 1;
			remoteGlobalIDString = E4805B74305C00860037D341;
			remoteInfo = NONO;
		};
/* End PBXContainerItemProxy section */

/* Begin PBXFileReference section */
		E4805B75305C00860037D341 /* NONO.app */ = {isa = PBXFileReference; explicitFileType = wrapper.application; includeInIndex = 0; path = NONO.app; sourceTree = BUILT_PRODUCTS_DIR; };
		E4805B82305C00890037D341 /* NONOTests.xctest */ = {isa = PBXFileReference; explicitFileType = wrapper.cfbundle; includeInIndex = 0; path = NONOTests.xctest; sourceTree = BUILT_PRODUCTS_DIR; };
		E4805B8C305C00890037D341 /* NONOUITests.xctest */ = {isa = PBXFileReference; explicitFileType = wrapper.cfbundle; includeInIndex = 0; path = NONOUITests.xctest; sourceTree = BUILT_PRODUCTS_DIR; };
/* End PBXFileReference section */

/* Begin PBXFileSystemSynchronizedRootGroup section */
		E4805B77305C00860037D341 /* NONO */ = {
			isa = PBXFileSystemSynchronizedRootGroup;
			path = NONO;
			sourceTree = "<group>";
		};
		E4805B85305C00890037D341 /* NONOTests */ = {
			isa = PBXFileSystemSynchronizedRootGroup;
			path = NONOTests;
			sourceTree = "<group>";
		};
		E4805B8F305C00890037D341 /* NONOUITests */ = {
			isa = PBXFileSystemSynchronizedRootGroup;
			path = NONOUITests;
			sourceTree = "<group>";
		};
/* End PBXFileSystemSynchronizedRootGroup section */

/* Begin PBXFrameworksBuildPhase section */
		E4805B72305C00860037D341 /* Frameworks */ = {
			isa = PBXFrameworksBuildPhase;
			files = (
			);
		};
		E4805B7F305C00890037D341 /* Frameworks */ = {
			isa = PBXFrameworksBuildPhase;
			files = (
			);
		};
		E4805B89305C00890037D341 /* Frameworks */ = {
			isa = PBXFrameworksBuildPhase;
			files = (
			);
		};
/* End PBXFrameworksBuildPhase section */

/* Begin PBXGroup section */
		E4805B6C305C00860037D341 = {
			isa = PBXGroup;
			children = (
				E4805B77305C00860037D341 /* NONO */,
				E4805B85305C00890037D341 /* NONOTests */,
				E4805B8F305C00890037D341 /* NONOUITests */,
				E4805B76305C00860037D341 /* Products */,
			);
			sourceTree = "<group>";
		};
		E4805B76305C00860037D341 /* Products */ = {
			isa = PBXGroup;
			children = (
				E4805B75305C00860037D341 /* NONO.app */,
				E4805B82305C00890037D341 /* NONOTests.xctest */,
				E4805B8C305C00890037D341 /* NONOUITests.xctest */,
			);
			name = Products;
			sourceTree = "<group>";
		};
/* End PBXGroup section */

/* Begin PBXNativeTarget section */
		E4805B74305C00860037D341 /* NONO */ = {
			isa = PBXNativeTarget;
			buildConfigurationList = E4805B94305C00890037D341 /* Build configuration list for PBXNativeTarget "NONO" */;
			buildPhases = (
				E4805B71305C00860037D341 /* Sources */,
				E4805B72305C00860037D341 /* Frameworks */,
				E4805B73305C00860037D341 /* Resources */,
			);
			buildRules = (
			);
			fileSystemSynchronizedGroups = (
				E4805B77305C00860037D341 /* NONO */,
			);
			name = NONO;
			productName = NONO;
			productReference = E4805B75305C00860037D341 /* NONO.app */;
			productType = "com.apple.product-type.application";
		};
		E4805B81305C00890037D341 /* NONOTests */ = {
			isa = PBXNativeTarget;
			buildConfigurationList = E4805B97305C00890037D341 /* Build configuration list for PBXNativeTarget "NONOTests" */;
			buildPhases = (
				E4805B7E305C00890037D341 /* Sources */,
				E4805B7F305C00890037D341 /* Frameworks */,
				E4805B80305C00890037D341 /* Resources */,
			);
			buildRules = (
			);
			dependencies = (
				E4805B84305C00890037D341 /* PBXTargetDependency */,
			);
			fileSystemSynchronizedGroups = (
				E4805B85305C00890037D341 /* NONOTests */,
			);
			name = NONOTests;
			productName = NONOTests;
			productReference = E4805B82305C00890037D341 /* NONOTests.xctest */;
			productType = "com.apple.product-type.bundle.unit-test";
		};
		E4805B8B305C00890037D341 /* NONOUITests */ = {
			isa = PBXNativeTarget;
			buildConfigurationList = E4805B9A305C00890037D341 /* Build configuration list for PBXNativeTarget "NONOUITests" */;
			buildPhases = (
				E4805B88305C00890037D341 /* Sources */,
				E4805B89305C00890037D341 /* Frameworks */,
				E4805B8A305C00890037D341 /* Resources */,
			);
			buildRules = (
			);
			dependencies = (
				E4805B8E305C00890037D341 /* PBXTargetDependency */,
			);
			fileSystemSynchronizedGroups = (
				E4805B8F305C00890037D341 /* NONOUITests */,
			);
			name = NONOUITests;
			productName = NONOUITests;
			productReference = E4805B8C305C00890037D341 /* NONOUITests.xctest */;
			productType = "com.apple.product-type.bundle.ui-testing";
		};
/* End PBXNativeTarget section */

/* Begin PBXProject section */
		E4805B6D305C00860037D341 /* Project object */ = {
			isa = PBXProject;
			attributes = {
				BuildIndependentTargetsInParallel = 1;
				LastSwiftUpdateCheck = 2700;
				LastUpgradeCheck = 2700;
				TargetAttributes = {
					E4805B74305C00860037D341 = {
						CreatedOnToolsVersion = 27.0;
					};
					E4805B81305C00890037D341 = {
						CreatedOnToolsVersion = 27.0;
						TestTargetID = E4805B74305C00860037D341;
					};
					E4805B8B305C00890037D341 = {
						CreatedOnToolsVersion = 27.0;
						TestTargetID = E4805B74305C00860037D341;
					};
				};
			};
			buildConfigurationList = E4805B70305C00860037D341 /* Build configuration list for PBXProject "NONO" */;
			developmentRegion = en;
			hasScannedForEncodings = 0;
			knownRegions = (
				en,
				Base,
			);
			mainGroup = E4805B6C305C00860037D341;
			minimizedProjectReferenceProxies = 1;
			preferredProjectObjectVersion = 77;
			productRefGroup = E4805B76305C00860037D341 /* Products */;
			projectDirPath = "";
			projectRoot = "";
			targets = (
				E4805B74305C00860037D341 /* NONO */,
				E4805B81305C00890037D341 /* NONOTests */,
				E4805B8B305C00890037D341 /* NONOUITests */,
			);
		};
/* End PBXProject section */

/* Begin PBXResourcesBuildPhase section */
		E4805B73305C00860037D341 /* Resources */ = {
			isa = PBXResourcesBuildPhase;
			files = (
			);
		};
		E4805B80305C00890037D341 /* Resources */ = {
			isa = PBXResourcesBuildPhase;
			files = (
			);
		};
		E4805B8A305C00890037D341 /* Resources */ = {
			isa = PBXResourcesBuildPhase;
			files = (
			);
		};
/* End PBXResourcesBuildPhase section */

/* Begin PBXSourcesBuildPhase section */
		E4805B71305C00860037D341 /* Sources */ = {
			isa = PBXSourcesBuildPhase;
			files = (
			);
		};
		E4805B7E305C00890037D341 /* Sources */ = {
			isa = PBXSourcesBuildPhase;
			files = (
			);
		};
		E4805B88305C00890037D341 /* Sources */ = {
			isa = PBXSourcesBuildPhase;
			files = (
			);
		};
/* End PBXSourcesBuildPhase section */

/* Begin PBXTargetDependency section */
		E4805B84305C00890037D341 /* PBXTargetDependency */ = {
			isa = PBXTargetDependency;
			target = E4805B74305C00860037D341 /* NONO */;
			targetProxy = E4805B83305C00890037D341 /* PBXContainerItemProxy */;
		};
		E4805B8E305C00890037D341 /* PBXTargetDependency */ = {
			isa = PBXTargetDependency;
			target = E4805B74305C00860037D341 /* NONO */;
			targetProxy = E4805B8D305C00890037D341 /* PBXContainerItemProxy */;
		};
/* End PBXTargetDependency section */

/* Begin XCBuildConfiguration section */
		E4805B92305C00890037D341 /* Debug configuration for PBXProject "NONO" */ = {
			isa = XCBuildConfiguration;
			buildSettings = {
				ALWAYS_SEARCH_USER_PATHS = NO;
				ASSETCATALOG_COMPILER_GENERATE_SWIFT_ASSET_SYMBOL_EXTENSIONS = YES;
				CLANG_ANALYZER_NONNULL = YES;
				CLANG_ANALYZER_NUMBER_OBJECT_CONVERSION = YES_AGGRESSIVE;
				CLANG_CXX_LANGUAGE_STANDARD = "gnu++20";
				CLANG_ENABLE_MODULES = YES;
				CLANG_ENABLE_OBJC_ARC = YES;
				CLANG_ENABLE_OBJC_WEAK = YES;
				CLANG_WARN_BLOCK_CAPTURE_AUTORELEASING = YES;
				CLANG_WARN_BOOL_CONVERSION = YES;
				CLANG_WARN_COMMA = YES;
				CLANG_WARN_CONSTANT_CONVERSION = YES;
				CLANG_WARN_DEPRECATED_OBJC_IMPLEMENTATIONS = YES;
				CLANG_WARN_DIRECT_OBJC_ISA_USAGE = YES_ERROR;
				CLANG_WARN_DOCUMENTATION_COMMENTS = YES;
				CLANG_WARN_EMPTY_BODY = YES;
				CLANG_WARN_ENUM_CONVERSION = YES;
				CLANG_WARN_INFINITE_RECURSION = YES;
				CLANG_WARN_INT_CONVERSION = YES;
				CLANG_WARN_NON_LITERAL_NULL_CONVERSION = YES;
				CLANG_WARN_OBJC_IMPLICIT_RETAIN_SELF = YES;
				CLANG_WARN_OBJC_LITERAL_CONVERSION = YES;
				CLANG_WARN_OBJC_ROOT_CLASS = YES_ERROR;
				CLANG_WARN_QUOTED_INCLUDE_IN_FRAMEWORK_HEADER = YES;
				CLANG_WARN_RANGE_LOOP_ANALYSIS = YES;
				CLANG_WARN_STRICT_PROTOTYPES = YES;
				CLANG_WARN_SUSPICIOUS_MOVE = YES;
				CLANG_WARN_UNGUARDED_AVAILABILITY = YES_AGGRESSIVE;
				CLANG_WARN_UNREACHABLE_CODE = YES;
				CLANG_WARN__DUPLICATE_METHOD_MATCH = YES;
				COPY_PHASE_STRIP = NO;
				DEBUG_INFORMATION_FORMAT = dwarf;
				DEVELOPMENT_TEAM = 4N2VHUY7QG;
				ENABLE_STRICT_OBJC_MSGSEND = YES;
				ENABLE_TESTABILITY = YES;
				ENABLE_USER_SCRIPT_SANDBOXING = YES;
				GCC_C_LANGUAGE_STANDARD = gnu17;
				GCC_DYNAMIC_NO_PIC = NO;
				GCC_NO_COMMON_BLOCKS = YES;
				GCC_OPTIMIZATION_LEVEL = 0;
				GCC_PREPROCESSOR_DEFINITIONS = (
					"DEBUG=1",
					"$(inherited)",
				);
				GCC_WARN_64_TO_32_BIT_CONVERSION = YES;
				GCC_WARN_ABOUT_RETURN_TYPE = YES_ERROR;
				GCC_WARN_UNDECLARED_SELECTOR = YES;
				GCC_WARN_UNINITIALIZED_AUTOS = YES_AGGRESSIVE;
				GCC_WARN_UNUSED_FUNCTION = YES;
				GCC_WARN_UNUSED_VARIABLE = YES;
				IPHONEOS_DEPLOYMENT_TARGET = 27.0;
				LOCALIZATION_PREFERS_STRING_CATALOGS = YES;
				MTL_ENABLE_DEBUG_INFO = INCLUDE_SOURCE;
				MTL_FAST_MATH = YES;
				ONLY_ACTIVE_ARCH = YES;
				SDKROOT = iphoneos;
				SWIFT_ACTIVE_COMPILATION_CONDITIONS = "DEBUG $(inherited)";
				SWIFT_OPTIMIZATION_LEVEL = "-Onone";
			};
			name = Debug;
		};
		E4805B93305C00890037D341 /* Release configuration for PBXProject "NONO" */ = {
			isa = XCBuildConfiguration;
			buildSettings = {
				ALWAYS_SEARCH_USER_PATHS = NO;
				ASSETCATALOG_COMPILER_GENERATE_SWIFT_ASSET_SYMBOL_EXTENSIONS = YES;
				CLANG_ANALYZER_NONNULL = YES;
				CLANG_ANALYZER_NUMBER_OBJECT_CONVERSION = YES_AGGRESSIVE;
				CLANG_CXX_LANGUAGE_STANDARD = "gnu++20";
				CLANG_ENABLE_MODULES = YES;
				CLANG_ENABLE_OBJC_ARC = YES;
				CLANG_ENABLE_OBJC_WEAK = YES;
				CLANG_WARN_BLOCK_CAPTURE_AUTORELEASING = YES;
				CLANG_WARN_BOOL_CONVERSION = YES;
				CLANG_WARN_COMMA = YES;
				CLANG_WARN_CONSTANT_CONVERSION = YES;
				CLANG_WARN_DEPRECATED_OBJC_IMPLEMENTATIONS = YES;
				CLANG_WARN_DIRECT_OBJC_ISA_USAGE = YES_ERROR;
				CLANG_WARN_DOCUMENTATION_COMMENTS = YES;
				CLANG_WARN_EMPTY_BODY = YES;
				CLANG_WARN_ENUM_CONVERSION = YES;
				CLANG_WARN_INFINITE_RECURSION = YES;
				CLANG_WARN_INT_CONVERSION = YES;
				CLANG_WARN_NON_LITERAL_NULL_CONVERSION = YES;
				CLANG_WARN_OBJC_IMPLICIT_RETAIN_SELF = YES;
				CLANG_WARN_OBJC_LITERAL_CONVERSION = YES;
				CLANG_WARN_OBJC_ROOT_CLASS = YES_ERROR;
				CLANG_WARN_QUOTED_INCLUDE_IN_FRAMEWORK_HEADER = YES;
				CLANG_WARN_RANGE_LOOP_ANALYSIS = YES;
				CLANG_WARN_STRICT_PROTOTYPES = YES;
				CLANG_WARN_SUSPICIOUS_MOVE = YES;
				CLANG_WARN_UNGUARDED_AVAILABILITY = YES_AGGRESSIVE;
				CLANG_WARN_UNREACHABLE_CODE = YES;
				CLANG_WARN__DUPLICATE_METHOD_MATCH = YES;
				COPY_PHASE_STRIP = NO;
				DEBUG_INFORMATION_FORMAT = "dwarf-with-dsym";
				DEVELOPMENT_TEAM = 4N2VHUY7QG;
				ENABLE_NS_ASSERTIONS = NO;
				ENABLE_STRICT_OBJC_MSGSEND = YES;
				ENABLE_USER_SCRIPT_SANDBOXING = YES;
				GCC_C_LANGUAGE_STANDARD = gnu17;
				GCC_NO_COMMON_BLOCKS = YES;
				GCC_WARN_64_TO_32_BIT_CONVERSION = YES;
				GCC_WARN_ABOUT_RETURN_TYPE = YES_ERROR;
				GCC_WARN_UNDECLARED_SELECTOR = YES;
				GCC_WARN_UNINITIALIZED_AUTOS = YES_AGGRESSIVE;
				GCC_WARN_UNUSED_FUNCTION = YES;
				GCC_WARN_UNUSED_VARIABLE = YES;
				IPHONEOS_DEPLOYMENT_TARGET = 27.0;
				LOCALIZATION_PREFERS_STRING_CATALOGS = YES;
				MTL_ENABLE_DEBUG_INFO = NO;
				MTL_FAST_MATH = YES;
				SDKROOT = iphoneos;
				SWIFT_COMPILATION_MODE = wholemodule;
				VALIDATE_PRODUCT = YES;
			};
			name = Release;
		};
		E4805B95305C00890037D341 /* Debug configuration for PBXNativeTarget "NONO" */ = {
			isa = XCBuildConfiguration;
			buildSettings = {
				ASSETCATALOG_COMPILER_APPICON_NAME = AppIcon;
				ASSETCATALOG_COMPILER_GLOBAL_ACCENT_COLOR_NAME = AccentColor;
				CODE_SIGN_STYLE = Automatic;
				CURRENT_PROJECT_VERSION = 1;
				DEVELOPMENT_TEAM = 4N2VHUY7QG;
				ENABLE_PREVIEWS = YES;
				GENERATE_INFOPLIST_FILE = YES;
				INFOPLIST_KEY_UIApplicationSceneManifest_Generation = YES;
				INFOPLIST_KEY_UIApplicationSupportsIndirectInputEvents = YES;
				INFOPLIST_KEY_UILaunchScreen_Generation = YES;
				INFOPLIST_KEY_UISupportedInterfaceOrientations_iPad = "UIInterfaceOrientationPortrait UIInterfaceOrientationPortraitUpsideDown UIInterfaceOrientationLandscapeLeft UIInterfaceOrientationLandscapeRight";
				INFOPLIST_KEY_UISupportedInterfaceOrientations_iPhone = "UIInterfaceOrientationPortrait UIInterfaceOrientationLandscapeLeft UIInterfaceOrientationLandscapeRight";
				LD_RUNPATH_SEARCH_PATHS = (
					"$(inherited)",
					"@executable_path/Frameworks",
				);
				MARKETING_VERSION = 1.0;
				PRODUCT_BUNDLE_IDENTIFIER = me.dizzykitty3.NONO;
				PRODUCT_NAME = "$(TARGET_NAME)";
				STRING_CATALOG_GENERATE_SYMBOLS = YES;
				SWIFT_APPROACHABLE_CONCURRENCY = YES;
				SWIFT_DEFAULT_ACTOR_ISOLATION = MainActor;
				SWIFT_EMIT_LOC_STRINGS = YES;
				SWIFT_UPCOMING_FEATURE_MEMBER_IMPORT_VISIBILITY = YES;
				SWIFT_VERSION = 5.0;
				TARGETED_DEVICE_FAMILY = "1,2";
			};
			name = Debug;
		};
		E4805B96305C00890037D341 /* Release configuration for PBXNativeTarget "NONO" */ = {
			isa = XCBuildConfiguration;
			buildSettings = {
				ASSETCATALOG_COMPILER_APPICON_NAME = AppIcon;
				ASSETCATALOG_COMPILER_GLOBAL_ACCENT_COLOR_NAME = AccentColor;
				CODE_SIGN_STYLE = Automatic;
				CURRENT_PROJECT_VERSION = 1;
				DEVELOPMENT_TEAM = 4N2VHUY7QG;
				ENABLE_PREVIEWS = YES;
				GENERATE_INFOPLIST_FILE = YES;
				INFOPLIST_KEY_UIApplicationSceneManifest_Generation = YES;
				INFOPLIST_KEY_UIApplicationSupportsIndirectInputEvents = YES;
				INFOPLIST_KEY_UILaunchScreen_Generation = YES;
				INFOPLIST_KEY_UISupportedInterfaceOrientations_iPad = "UIInterfaceOrientationPortrait UIInterfaceOrientationPortraitUpsideDown UIInterfaceOrientationLandscapeLeft UIInterfaceOrientationLandscapeRight";
				INFOPLIST_KEY_UISupportedInterfaceOrientations_iPhone = "UIInterfaceOrientationPortrait UIInterfaceOrientationLandscapeLeft UIInterfaceOrientationLandscapeRight";
				LD_RUNPATH_SEARCH_PATHS = (
					"$(inherited)",
					"@executable_path/Frameworks",
				);
				MARKETING_VERSION = 1.0;
				PRODUCT_BUNDLE_IDENTIFIER = me.dizzykitty3.NONO;
				PRODUCT_NAME = "$(TARGET_NAME)";
				STRING_CATALOG_GENERATE_SYMBOLS = YES;
				SWIFT_APPROACHABLE_CONCURRENCY = YES;
				SWIFT_DEFAULT_ACTOR_ISOLATION = MainActor;
				SWIFT_EMIT_LOC_STRINGS = YES;
				SWIFT_UPCOMING_FEATURE_MEMBER_IMPORT_VISIBILITY = YES;
				SWIFT_VERSION = 5.0;
				TARGETED_DEVICE_FAMILY = "1,2";
			};
			name = Release;
		};
		E4805B98305C00890037D341 /* Debug configuration for PBXNativeTarget "NONOTests" */ = {
			isa = XCBuildConfiguration;
			buildSettings = {
				BUNDLE_LOADER = "$(TEST_HOST)";
				CODE_SIGN_STYLE = Automatic;
				CURRENT_PROJECT_VERSION = 1;
				DEVELOPMENT_TEAM = 4N2VHUY7QG;
				GENERATE_INFOPLIST_FILE = YES;
				IPHONEOS_DEPLOYMENT_TARGET = 27.0;
				MARKETING_VERSION = 1.0;
				PRODUCT_BUNDLE_IDENTIFIER = me.dizzykitty3.NONOTests;
				PRODUCT_NAME = "$(TARGET_NAME)";
				STRING_CATALOG_GENERATE_SYMBOLS = NO;
				SWIFT_APPROACHABLE_CONCURRENCY = YES;
				SWIFT_EMIT_LOC_STRINGS = NO;
				SWIFT_UPCOMING_FEATURE_MEMBER_IMPORT_VISIBILITY = YES;
				SWIFT_VERSION = 5.0;
				TARGETED_DEVICE_FAMILY = "1,2";
				TEST_HOST = "$(BUILT_PRODUCTS_DIR)/NONO.app/$(BUNDLE_EXECUTABLE_FOLDER_PATH)/NONO";
			};
			name = Debug;
		};
		E4805B99305C00890037D341 /* Release configuration for PBXNativeTarget "NONOTests" */ = {
			isa = XCBuildConfiguration;
			buildSettings = {
				BUNDLE_LOADER = "$(TEST_HOST)";
				CODE_SIGN_STYLE = Automatic;
				CURRENT_PROJECT_VERSION = 1;
				DEVELOPMENT_TEAM = 4N2VHUY7QG;
				GENERATE_INFOPLIST_FILE = YES;
				IPHONEOS_DEPLOYMENT_TARGET = 27.0;
				MARKETING_VERSION = 1.0;
				PRODUCT_BUNDLE_IDENTIFIER = me.dizzykitty3.NONOTests;
				PRODUCT_NAME = "$(TARGET_NAME)";
				STRING_CATALOG_GENERATE_SYMBOLS = NO;
				SWIFT_APPROACHABLE_CONCURRENCY = YES;
				SWIFT_EMIT_LOC_STRINGS = NO;
				SWIFT_UPCOMING_FEATURE_MEMBER_IMPORT_VISIBILITY = YES;
				SWIFT_VERSION = 5.0;
				TARGETED_DEVICE_FAMILY = "1,2";
				TEST_HOST = "$(BUILT_PRODUCTS_DIR)/NONO.app/$(BUNDLE_EXECUTABLE_FOLDER_PATH)/NONO";
			};
			name = Release;
		};
		E4805B9B305C00890037D341 /* Debug configuration for PBXNativeTarget "NONOUITests" */ = {
			isa = XCBuildConfiguration;
			buildSettings = {
				CODE_SIGN_STYLE = Automatic;
				CURRENT_PROJECT_VERSION = 1;
				DEVELOPMENT_TEAM = 4N2VHUY7QG;
				GENERATE_INFOPLIST_FILE = YES;
				MARKETING_VERSION = 1.0;
				PRODUCT_BUNDLE_IDENTIFIER = me.dizzykitty3.NONOUITests;
				PRODUCT_NAME = "$(TARGET_NAME)";
				STRING_CATALOG_GENERATE_SYMBOLS = NO;
				SWIFT_APPROACHABLE_CONCURRENCY = YES;
				SWIFT_EMIT_LOC_STRINGS = NO;
				SWIFT_UPCOMING_FEATURE_MEMBER_IMPORT_VISIBILITY = YES;
				SWIFT_VERSION = 5.0;
				TARGETED_DEVICE_FAMILY = "1,2";
				TEST_TARGET_NAME = NONO;
			};
			name = Debug;
		};
		E4805B9C305C00890037D341 /* Release configuration for PBXNativeTarget "NONOUITests" */ = {
			isa = XCBuildConfiguration;
			buildSettings = {
				CODE_SIGN_STYLE = Automatic;
				CURRENT_PROJECT_VERSION = 1;
				DEVELOPMENT_TEAM = 4N2VHUY7QG;
				GENERATE_INFOPLIST_FILE = YES;
				MARKETING_VERSION = 1.0;
				PRODUCT_BUNDLE_IDENTIFIER = me.dizzykitty3.NONOUITests;
				PRODUCT_NAME = "$(TARGET_NAME)";
				STRING_CATALOG_GENERATE_SYMBOLS = NO;
				SWIFT_APPROACHABLE_CONCURRENCY = YES;
				SWIFT_EMIT_LOC_STRINGS = NO;
				SWIFT_UPCOMING_FEATURE_MEMBER_IMPORT_VISIBILITY = YES;
				SWIFT_VERSION = 5.0;
				TARGETED_DEVICE_FAMILY = "1,2";
				TEST_TARGET_NAME = NONO;
			};
			name = Release;
		};
/* End XCBuildConfiguration section */

/* Begin XCConfigurationList section */
		E4805B70305C00860037D341 /* Build configuration list for PBXProject "NONO" */ = {
			isa = XCConfigurationList;
			buildConfigurations = (
				E4805B92305C00890037D341 /* Debug configuration for PBXProject "NONO" */,
				E4805B93305C00890037D341 /* Release configuration for PBXProject "NONO" */,
			);
			defaultConfigurationName = Release;
		};
		E4805B94305C00890037D341 /* Build configuration list for PBXNativeTarget "NONO" */ = {
			isa = XCConfigurationList;
			buildConfigurations = (
				E4805B95305C00890037D341 /* Debug configuration for PBXNativeTarget "NONO" */,
				E4805B96305C00890037D341 /* Release configuration for PBXNativeTarget "NONO" */,
			);
			defaultConfigurationName = Release;
		};
		E4805B97305C00890037D341 /* Build configuration list for PBXNativeTarget "NONOTests" */ = {
			isa = XCConfigurationList;
			buildConfigurations = (
				E4805B98305C00890037D341 /* Debug configuration for PBXNativeTarget "NONOTests" */,
				E4805B99305C00890037D341 /* Release configuration for PBXNativeTarget "NONOTests" */,
			);
			defaultConfigurationName = Release;
		};
		E4805B9A305C00890037D341 /* Build configuration list for PBXNativeTarget "NONOUITests" */ = {
			isa = XCConfigurationList;
			buildConfigurations = (
				E4805B9B305C00890037D341 /* Debug configuration for PBXNativeTarget "NONOUITests" */,
				E4805B9C305C00890037D341 /* Release configuration for PBXNativeTarget "NONOUITests" */,
			);
			defaultConfigurationName = Release;
		};
/* End XCConfigurationList section */
	};
	rootObject = E4805B6D305C00860037D341 /* Project object */;
	validationLevel = 1;
}
